// !$*UTF8*$!
{
	archiveVersion = 1;
	classes = {
	};
	objectVersion = 50;
	objects = {

/* Begin PBXBuildFile section */
		6A34529827A3C98B006E41E4 /* AppDelegate.swift in Sources */ = {isa = PBXBuildFile; fileRef = 6A34529727A3C98B006E41E4 /* AppDelegate.swift */; };
		6A34529C27A3C98B006E41E4 /* ViewController.swift in Sources */ = {isa = PBXBuildFile; fileRef = 6A34529B27A3C98B006E41E4 /* ViewController.swift */; };
		6A34529F27A3C98B006E41E4 /* Main.storyboard in Resources */ = {isa = PBXBuildFile; fileRef = 6A34529D27A3C98B006E41E4 /* Main.storyboard */; };
		6A3452A127A3C991006E41E4 /* Assets.xcassets in Resources */ = {isa = PBXBuildFile; fileRef = 6A3452A027A3C991006E41E4 /* Assets.xcassets */; };
		6A3452A427A3C991006E41E4 /* LaunchScreen.storyboard in Resources */ = {isa = PBXBuildFile; fileRef = 6A3452A227A3C991006E41E4 /* LaunchScreen.storyboard */; };
		6A3452AF27A3C992006E41E4 /* OneKyatTests.swift in Sources */ = {isa = PBXBuildFile; fileRef = 6A3452AE27A3C992006E41E4 /* OneKyatTests.swift */; };
		6A3452BA27A3C992006E41E4 /* OneKyatUITests.swift in Sources */ = {isa = PBXBuildFile; fileRef = 6A3452B927A3C992006E41E4 /* OneKyatUITests.swift */; };
		6A3452D527A3D96B006E41E4 /* TextFieldDecoration.swift in Sources */ = {isa = PBXBuildFile; fileRef = 6A3452D427A3D96B006E41E4 /* TextFieldDecoration.swift */; };
		6A3452DE27A3E150006E41E4 /* AppConstantsValue.swift in Sources */ = {isa = PBXBuildFile; fileRef = 6A3452DD27A3E150006E41E4 /* AppConstantsValue.swift */; };
		6A3452E327A3EA2B006E41E4 /* UIElemementsColors.swift in Sources */ = {isa = PBXBuildFile; fileRef = 6A3452E227A3EA2B006E41E4 /* UIElemementsColors.swift */; };
		6A3452E827A3EB64006E41E4 /* ButtonDecoration.swift in Sources */ = {isa = PBXBuildFile; fileRef = 6A3452E727A3EB63006E41E4 /* ButtonDecoration.swift */; };
		6A3452EE27A410A7006E41E4 /* NSAttributedStringExtension.swift in Sources */ = {isa = PBXBuildFile; fileRef = 6A3452ED27A410A7006E41E4 /* NSAttributedStringExtension.swift */; };
		6A34530827A42941006E41E4 /* LoginViewModel.swift in Sources */ = {isa = PBXBuildFile; fileRef = 6A34530727A42940006E41E4 /* LoginViewModel.swift */; };
		6A34530E27A440B6006E41E4 /* ValidationServices.swift in Sources */ = {isa = PBXBuildFile; fileRef = 6A34530D27A440B6006E41E4 /* ValidationServices.swift */; };
		6A34531327A441B9006E41E4 /* StringExtension.swift in Sources */ = {isa = PBXBuildFile; fileRef = 6A34531227A441B9006E41E4 /* StringExtension.swift */; };
		6A34532B27A46006006E41E4 /* MainTabBar.storyboard in Resources */ = {isa = PBXBuildFile; fileRef = 6A34532A27A46006006E41E4 /* MainTabBar.storyboard */; };
		6A34533027A461DF006E41E4 /* MainTabBarViewController.swift in Sources */ = {isa = PBXBuildFile; fileRef = 6A34532F27A461DF006E41E4 /* MainTabBarViewController.swift */; };
		6A34533C27A469DF006E41E4 /* webview.storyboard in Resources */ = {isa = PBXBuildFile; fileRef = 6A34533B27A469DF006E41E4 /* webview.storyboard */; };
		6A34534127A46A32006E41E4 /* WebViewController.swift in Sources */ = {isa = PBXBuildFile; fileRef = 6A34534027A46A32006E41E4 /* WebViewController.swift */; };
		6A34534627A47329006E41E4 /* UIRootViewController.swift in Sources */ = {isa = PBXBuildFile; fileRef = 6A34534527A47329006E41E4 /* UIRootViewController.swift */; };
		6A34535727A48718006E41E4 /* HomeViewController.swift in Sources */ = {isa = PBXBuildFile; fileRef = 6A34535627A48718006E41E4 /* HomeViewController.swift */; };
		6A34535F27A48A70006E41E4 /* SliderTableViewCell.swift in Sources */ = {isa = PBXBuildFile; fileRef = 6A34535D27A48A70006E41E4 /* SliderTableViewCell.swift */; };
		6A34536027A48A70006E41E4 /* SliderTableViewCell.xib in Resources */ = {isa = PBXBuildFile; fileRef = 6A34535E27A48A70006E41E4 /* SliderTableViewCell.xib */; };
		6A34536E27A48C92006E41E4 /* AdvertisementTableViewCell.swift in Sources */ = {isa = PBXBuildFile; fileRef = 6A34536C27A48C91006E41E4 /* AdvertisementTableViewCell.swift */; };
		6A34536F27A48C92006E41E4 /* AdvertisementTableViewCell.xib in Resources */ = {isa = PBXBuildFile; fileRef = 6A34536D27A48C91006E41E4 /* AdvertisementTableViewCell.xib */; };
		6A8CAFDC27A5212F0076C764 /* ItemModel.swift in Sources */ = {isa = PBXBuildFile; fileRef = 6A8CAFDB27A5212F0076C764 /* ItemModel.swift */; };
		6A8CAFE527A522950076C764 /* AdsViewModel.swift in Sources */ = {isa = PBXBuildFile; fileRef = 6A8CAFE427A522950076C764 /* AdsViewModel.swift */; };
		6A8CAFED27A5260D0076C764 /* AdsItemCollectionViewCell.swift in Sources */ = {isa = PBXBuildFile; fileRef = 6A8CAFEB27A5260D0076C764 /* AdsItemCollectionViewCell.swift */; };
		6A8CAFEE27A5260D0076C764 /* AdsItemCollectionViewCell.xib in Resources */ = {isa = PBXBuildFile; fileRef = 6A8CAFEC27A5260D0076C764 /* AdsItemCollectionViewCell.xib */; };
		6A8CAFF727A549540076C764 /* AdsItemDetails.storyboard in Resources */ = {isa = PBXBuildFile; fileRef = 6A8CAFF627A549540076C764 /* AdsItemDetails.storyboard */; };
		6A8CAFFC27A5496F0076C764 /* AdsItemDetailsViewController.swift in Sources */ = {isa = PBXBuildFile; fileRef = 6A8CAFFB27A5496F0076C764 /* AdsItemDetailsViewController.swift */; };
		6A8CB00D27A57A460076C764 /* CommonOperations.swift in Sources */ = {isa = PBXBuildFile; fileRef = 6A8CB00C27A57A460076C764 /* CommonOperations.swift */; };
		6A8CB01427A57F6B0076C764 /* ItemsImageTableViewCell.swift in Sources */ = {isa = PBXBuildFile; fileRef = 6A8CB01227A57F6B0076C764 /* ItemsImageTableViewCell.swift */; };
		6A8CB01527A57F6B0076C764 /* ItemsImageTableViewCell.xib in Resources */ = {isa = PBXBuildFile; fileRef = 6A8CB01327A57F6B0076C764 /* ItemsImageTableViewCell.xib */; };
		6A8CB02027A57FA80076C764 /* ItemsSellerProfileTableViewCell.swift in Sources */ = {isa = PBXBuildFile; fileRef = 6A8CB01E27A57FA80076C764 /* ItemsSellerProfileTableViewCell.swift */; };
		6A8CB02127A57FA80076C764 /* ItemsSellerProfileTableViewCell.xib in Resources */ = {isa = PBXBuildFile; fileRef = 6A8CB01F27A57FA80076C764 /* ItemsSellerProfileTableViewCell.xib */; };
		6A8CB02827A57FDE0076C764 /* ItemsDescriptionTableViewCell.swift in Sources */ = {isa = PBXBuildFile; fileRef = 6A8CB02627A57FDE0076C764 /* ItemsDescriptionTableViewCell.swift */; };
		6A8CB02927A57FDE0076C764 /* ItemsDescriptionTableViewCell.xib in Resources */ = {isa = PBXBuildFile; fileRef = 6A8CB02727A57FDE0076C764 /* ItemsDescriptionTableViewCell.xib */; };
/* End PBXBuildFile section */

/* Begin PBXContainerItemProxy section */
		6A3452AB27A3C992006E41E4 /* PBXContainerItemProxy */ = {
			isa = PBXContainerItemProxy;
			containerPortal = 6A34528C27A3C98B006E41E4 /* Project object */;
			proxyType = 1;
			remoteGlobalIDString = 6A34529327A3C98B006E41E4;
			remoteInfo = OneKyat;
		};
		6A3452B627A3C992006E41E4 /* PBXContainerItemProxy */ = {
			isa = PBXContainerItemProxy;
			containerPortal = 6A34528C27A3C98B006E41E4 /* Project object */;
			proxyType = 1;
			remoteGlobalIDString = 6A34529327A3C98B006E41E4;
			remoteInfo = OneKyat;
		};
/* End PBXContainerItemProxy section */

/* Begin PBXFileReference section */
		6A34529427A3C98B006E41E4 /* OneKyat.app */ = {isa = PBXFileReference; explicitFileType = wrapper.application; includeInIndex = 0; path = OneKyat.app; sourceTree = BUILT_PRODUCTS_DIR; };
		6A34529727A3C98B006E41E4 /* AppDelegate.swift */ = {isa = PBXFileReference; lastKnownFileType = sourcecode.swift; path = AppDelegate.swift; sourceTree = "<group>"; };
		6A34529B27A3C98B006E41E4 /* ViewController.swift */ = {isa = PBXFileReference; lastKnownFileType = sourcecode.swift; path = ViewController.swift; sourceTree = "<group>"; };
		6A34529E27A3C98B006E41E4 /* Base */ = {isa = PBXFileReference; lastKnownFileType = file.storyboard; name = Base; path = Base.lproj/Main.storyboard; sourceTree = "<group>"; };
		6A3452A027A3C991006E41E4 /* Assets.xcassets */ = {isa = PBXFileReference; lastKnownFileType = folder.assetcatalog; path = Assets.xcassets; sourceTree = "<group>"; };
		6A3452A327A3C991006E41E4 /* Base */ = {isa = PBXFileReference; lastKnownFileType = file.storyboard; name = Base; path = Base.lproj/LaunchScreen.storyboard; sourceTree = "<group>"; };
		6A3452A527A3C991006E41E4 /* Info.plist */ = {isa = PBXFileReference; lastKnownFileType = text.plist.xml; path = Info.plist; sourceTree = "<group>"; };
		6A3452AA27A3C992006E41E4 /* OneKyatTests.xctest */ = {isa = PBXFileReference; explicitFileType = wrapper.cfbundle; includeInIndex = 0; path = OneKyatTests.xctest; sourceTree = BUILT_PRODUCTS_DIR; };
		6A3452AE27A3C992006E41E4 /* OneKyatTests.swift */ = {isa = PBXFileReference; lastKnownFileType = sourcecode.swift; path = OneKyatTests.swift; sourceTree = "<group>"; };
		6A3452B027A3C992006E41E4 /* Info.plist */ = {isa = PBXFileReference; lastKnownFileType = text.plist.xml; path = Info.plist; sourceTree = "<group>"; };
		6A3452B527A3C992006E41E4 /* OneKyatUITests.xctest */ = {isa = PBXFileReference; explicitFileType = wrapper.cfbundle; includeInIndex = 0; path = OneKyatUITests.xctest; sourceTree = BUILT_PRODUCTS_DIR; };
		6A3452B927A3C992006E41E4 /* OneKyatUITests.swift */ = {isa = PBXFileReference; lastKnownFileType = sourcecode.swift; path = OneKyatUITests.swift; sourceTree = "<group>"; };
		6A3452BB27A3C992006E41E4 /* Info.plist */ = {isa = PBXFileReference; lastKnownFileType = text.plist.xml; path = Info.plist; sourceTree = "<group>"; };
		6A3452D427A3D96B006E41E4 /* TextFieldDecoration.swift */ = {isa = PBXFileReference; lastKnownFileType = sourcecode.swift; path = TextFieldDecoration.swift; sourceTree = "<group>"; };
		6A3452DD27A3E150006E41E4 /* AppConstantsValue.swift */ = {isa = PBXFileReference; lastKnownFileType = sourcecode.swift; path = AppConstantsValue.swift; sourceTree = "<group>"; };
		6A3452E227A3EA2B006E41E4 /* UIElemementsColors.swift */ = {isa = PBXFileReference; lastKnownFileType = sourcecode.swift; path = UIElemementsColors.swift; sourceTree = "<group>"; };
		6A3452E727A3EB63006E41E4 /* ButtonDecoration.swift */ = {isa = PBXFileReference; lastKnownFileType = sourcecode.swift; path = ButtonDecoration.swift; sourceTree = "<group>"; };
		6A3452ED27A410A7006E41E4 /* NSAttributedStringExtension.swift */ = {isa = PBXFileReference; lastKnownFileType = sourcecode.swift; path = NSAttributedStringExtension.swift; sourceTree = "<group>"; };
		6A34530727A42940006E41E4 /* LoginViewModel.swift */ = {isa = PBXFileReference; lastKnownFileType = sourcecode.swift; path = LoginViewModel.swift; sourceTree = "<group>"; };
		6A34530D27A440B6006E41E4 /* ValidationServices.swift */ = {isa = PBXFileReference; lastKnownFileType = sourcecode.swift; path = ValidationServices.swift; sourceTree = "<group>"; };
		6A34531227A441B9006E41E4 /* StringExtension.swift */ = {isa = PBXFileReference; lastKnownFileType = sourcecode.swift; path = StringExtension.swift; sourceTree = "<group>"; };
		6A34532A27A46006006E41E4 /* MainTabBar.storyboard */ = {isa = PBXFileReference; lastKnownFileType = file.storyboard; path = MainTabBar.storyboard; sourceTree = "<group>"; };
		6A34532F27A461DF006E41E4 /* MainTabBarViewController.swift */ = {isa = PBXFileReference; lastKnownFileType = sourcecode.swift; path = MainTabBarViewController.swift; sourceTree = "<group>"; };
		6A34533B27A469DF006E41E4 /* webview.storyboard */ = {isa = PBXFileReference; lastKnownFileType = file.storyboard; path = webview.storyboard; sourceTree = "<group>"; };
		6A34534027A46A32006E41E4 /* WebViewController.swift */ = {isa = PBXFileReference; lastKnownFileType = sourcecode.swift; path = WebViewController.swift; sourceTree = "<group>"; };
		6A34534527A47329006E41E4 /* UIRootViewController.swift */ = {isa = PBXFileReference; lastKnownFileType = sourcecode.swift; path = UIRootViewController.swift; sourceTree = "<group>"; };
		6A34535627A48718006E41E4 /* HomeViewController.swift */ = {isa = PBXFileReference; lastKnownFileType = sourcecode.swift; path = HomeViewController.swift; sourceTree = "<group>"; };
		6A34535D27A48A70006E41E4 /* SliderTableViewCell.swift */ = {isa = PBXFileReference; lastKnownFileType = sourcecode.swift; path = SliderTableViewCell.swift; sourceTree = "<group>"; };
		6A34535E27A48A70006E41E4 /* SliderTableViewCell.xib */ = {isa = PBXFileReference; lastKnownFileType = file.xib; path = SliderTableViewCell.xib; sourceTree = "<group>"; };
		6A34536C27A48C91006E41E4 /* AdvertisementTableViewCell.swift */ = {isa = PBXFileReference; lastKnownFileType = sourcecode.swift; path = AdvertisementTableViewCell.swift; sourceTree = "<group>"; };
		6A34536D27A48C91006E41E4 /* AdvertisementTableViewCell.xib */ = {isa = PBXFileReference; lastKnownFileType = file.xib; path = AdvertisementTableViewCell.xib; sourceTree = "<group>"; };
		6A8CAFDB27A5212F0076C764 /* ItemModel.swift */ = {isa = PBXFileReference; lastKnownFileType = sourcecode.swift; path = ItemModel.swift; sourceTree = "<group>"; };
		6A8CAFE427A522950076C764 /* AdsViewModel.swift */ = {isa = PBXFileReference; lastKnownFileType = sourcecode.swift; path = AdsViewModel.swift; sourceTree = "<group>"; };
		6A8CAFEB27A5260D0076C764 /* AdsItemCollectionViewCell.swift */ = {isa = PBXFileReference; lastKnownFileType = sourcecode.swift; path = AdsItemCollectionViewCell.swift; sourceTree = "<group>"; };
		6A8CAFEC27A5260D0076C764 /* AdsItemCollectionViewCell.xib */ = {isa = PBXFileReference; lastKnownFileType = file.xib; path = AdsItemCollectionViewCell.xib; sourceTree = "<group>"; };
		6A8CAFF627A549540076C764 /* AdsItemDetails.storyboard */ = {isa = PBXFileReference; lastKnownFileType = file.storyboard; path = AdsItemDetails.storyboard; sourceTree = "<group>"; };
		6A8CAFFB27A5496F0076C764 /* AdsItemDetailsViewController.swift */ = {isa = PBXFileReference; lastKnownFileType = sourcecode.swift; path = AdsItemDetailsViewController.swift; sourceTree = "<group>"; };
		6A8CB00C27A57A460076C764 /* CommonOperations.swift */ = {isa = PBXFileReference; lastKnownFileType = sourcecode.swift; path = CommonOperations.swift; sourceTree = "<group>"; };
		6A8CB01227A57F6B0076C764 /* ItemsImageTableViewCell.swift */ = {isa = PBXFileReference; lastKnownFileType = sourcecode.swift; path = ItemsImageTableViewCell.swift; sourceTree = "<group>"; };
		6A8CB01327A57F6B0076C764 /* ItemsImageTableViewCell.xib */ = {isa = PBXFileReference; lastKnownFileType = file.xib; path = ItemsImageTableViewCell.xib; sourceTree = "<group>"; };
		6A8CB01E27A57FA80076C764 /* ItemsSellerProfileTableViewCell.swift */ = {isa = PBXFileReference; lastKnownFileType = sourcecode.swift; path = ItemsSellerProfileTableViewCell.swift; sourceTree = "<group>"; };
		6A8CB01F27A57FA80076C764 /* ItemsSellerProfileTableViewCell.xib */ = {isa = PBXFileReference; lastKnownFileType = file.xib; path = ItemsSellerProfileTableViewCell.xib; sourceTree = "<group>"; };
		6A8CB02627A57FDE0076C764 /* ItemsDescriptionTableViewCell.swift */ = {isa = PBXFileReference; lastKnownFileType = sourcecode.swift; path = ItemsDescriptionTableViewCell.swift; sourceTree = "<group>"; };
		6A8CB02727A57FDE0076C764 /* ItemsDescriptionTableViewCell.xib */ = {isa = PBXFileReference; lastKnownFileType = file.xib; path = ItemsDescriptionTableViewCell.xib; sourceTree = "<group>"; };
/* End PBXFileReference section */

/* Begin PBXFrameworksBuildPhase section */
		6A34529127A3C98B006E41E4 /* Frameworks */ = {
			isa = PBXFrameworksBuildPhase;
			buildActionMask = 2147483647;
			files = (
			);
			runOnlyForDeploymentPostprocessing = 0;
		};
		6A3452A727A3C992006E41E4 /* Frameworks */ = {
			isa = PBXFrameworksBuildPhase;
			buildActionMask = 2147483647;
			files = (
			);
			runOnlyForDeploymentPostprocessing = 0;
		};
		6A3452B227A3C992006E41E4 /* Frameworks */ = {
			isa = PBXFrameworksBuildPhase;
			buildActionMask = 2147483647;
			files = (
			);
			runOnlyForDeploymentPostprocessing = 0;
		};
/* End PBXFrameworksBuildPhase section */

/* Begin PBXGroup section */
		6A34528B27A3C98B006E41E4 = {
			isa = PBXGroup;
			children = (
				6A34529627A3C98B006E41E4 /* OneKyat */,
				6A3452AD27A3C992006E41E4 /* OneKyatTests */,
				6A3452B827A3C992006E41E4 /* OneKyatUITests */,
				6A34529527A3C98B006E41E4 /* Products */,
			);
			sourceTree = "<group>";
		};
		6A34529527A3C98B006E41E4 /* Products */ = {
			isa = PBXGroup;
			children = (
				6A34529427A3C98B006E41E4 /* OneKyat.app */,
				6A3452AA27A3C992006E41E4 /* OneKyatTests.xctest */,
				6A3452B527A3C992006E41E4 /* OneKyatUITests.xctest */,
			);
			name = Products;
			sourceTree = "<group>";
		};
		6A34529627A3C98B006E41E4 /* OneKyat */ = {
			isa = PBXGroup;
			children = (
				6A8CAFDA27A520840076C764 /* Model */,
				6A34530C27A44097006E41E4 /* ValidationServices */,
				6A34530227A4290D006E41E4 /* ViewModel */,
				6A3452F227A415C2006E41E4 /* View */,
				6A3452EC27A41087006E41E4 /* Extension */,
				6A3452DC27A3E130006E41E4 /* Constants */,
				6A3452D027A3D86A006E41E4 /* Common */,
				6A34529727A3C98B006E41E4 /* AppDelegate.swift */,
				6A34529D27A3C98B006E41E4 /* Main.storyboard */,
				6A3452A027A3C991006E41E4 /* Assets.xcassets */,
				6A3452A227A3C991006E41E4 /* LaunchScreen.storyboard */,
				6A3452A527A3C991006E41E4 /* Info.plist */,
			);
			path = OneKyat;
			sourceTree = "<group>";
		};
		6A3452AD27A3C992006E41E4 /* OneKyatTests */ = {
			isa = PBXGroup;
			children = (
				6A3452AE27A3C992006E41E4 /* OneKyatTests.swift */,
				6A3452B027A3C992006E41E4 /* Info.plist */,
			);
			path = OneKyatTests;
			sourceTree = "<group>";
		};
		6A3452B827A3C992006E41E4 /* OneKyatUITests */ = {
			isa = PBXGroup;
			children = (
				6A3452B927A3C992006E41E4 /* OneKyatUITests.swift */,
				6A3452BB27A3C992006E41E4 /* Info.plist */,
			);
			path = OneKyatUITests;
			sourceTree = "<group>";
		};
		6A3452D027A3D86A006E41E4 /* Common */ = {
			isa = PBXGroup;
			children = (
				6A3452D427A3D96B006E41E4 /* TextFieldDecoration.swift */,
				6A3452E227A3EA2B006E41E4 /* UIElemementsColors.swift */,
				6A3452E727A3EB63006E41E4 /* ButtonDecoration.swift */,
				6A8CB00C27A57A460076C764 /* CommonOperations.swift */,
			);
			path = Common;
			sourceTree = "<group>";
		};
		6A3452DC27A3E130006E41E4 /* Constants */ = {
			isa = PBXGroup;
			children = (
				6A3452DD27A3E150006E41E4 /* AppConstantsValue.swift */,
			);
			path = Constants;
			sourceTree = "<group>";
		};
		6A3452EC27A41087006E41E4 /* Extension */ = {
			isa = PBXGroup;
			children = (
				6A3452ED27A410A7006E41E4 /* NSAttributedStringExtension.swift */,
				6A34531227A441B9006E41E4 /* StringExtension.swift */,
			);
			path = Extension;
			sourceTree = "<group>";
		};
		6A3452F227A415C2006E41E4 /* View */ = {
			isa = PBXGroup;
			children = (
				6A8CAFF527A5493B0076C764 /* AdsItemDetails */,
				6A34533A27A469CA006E41E4 /* WebView */,
				6A34531B27A45D5C006E41E4 /* MainTabBar */,
				6A34531727A459F6006E41E4 /* Login */,
				6A34534527A47329006E41E4 /* UIRootViewController.swift */,
			);
			path = View;
			sourceTree = "<group>";
		};
		6A34530227A4290D006E41E4 /* ViewModel */ = {
			isa = PBXGroup;
			children = (
				6A8CAFE327A522820076C764 /* AdsViewModel */,
				6A34530327A42923006E41E4 /* Login */,
			);
			path = ViewModel;
			sourceTree = "<group>";
		};
		6A34530327A42923006E41E4 /* Login */ = {
			isa = PBXGroup;
			children = (
				6A34530727A42940006E41E4 /* LoginViewModel.swift */,
			);
			path = Login;
			sourceTree = "<group>";
		};
		6A34530C27A44097006E41E4 /* ValidationServices */ = {
			isa = PBXGroup;
			children = (
				6A34530D27A440B6006E41E4 /* ValidationServices.swift */,
			);
			path = ValidationServices;
			sourceTree = "<group>";
		};
		6A34531727A459F6006E41E4 /* Login */ = {
			isa = PBXGroup;
			children = (
				6A34529B27A3C98B006E41E4 /* ViewController.swift */,
			);
			path = Login;
			sourceTree = "<group>";
		};
		6A34531B27A45D5C006E41E4 /* MainTabBar */ = {
			isa = PBXGroup;
			children = (
				6A8CAFE927A525B90076C764 /* CollectionViewCell */,
				6A34535B27A48A43006E41E4 /* TableViewCell */,
				6A34532A27A46006006E41E4 /* MainTabBar.storyboard */,
				6A34532F27A461DF006E41E4 /* MainTabBarViewController.swift */,
				6A34535627A48718006E41E4 /* HomeViewController.swift */,
			);
			path = MainTabBar;
			sourceTree = "<group>";
		};
		6A34533A27A469CA006E41E4 /* WebView */ = {
			isa = PBXGroup;
			children = (
				6A34533B27A469DF006E41E4 /* webview.storyboard */,
				6A34534027A46A32006E41E4 /* WebViewController.swift */,
			);
			path = WebView;
			sourceTree = "<group>";
		};
		6A34535B27A48A43006E41E4 /* TableViewCell */ = {
			isa = PBXGroup;
			children = (
				6A34536B27A48C6C006E41E4 /* AdvertisementTableViewCell */,
				6A34535C27A48A4E006E41E4 /* SliderTableViewCell */,
			);
			path = TableViewCell;
			sourceTree = "<group>";
		};
		6A34535C27A48A4E006E41E4 /* SliderTableViewCell */ = {
			isa = PBXGroup;
			children = (
				6A34535D27A48A70006E41E4 /* SliderTableViewCell.swift */,
				6A34535E27A48A70006E41E4 /* SliderTableViewCell.xib */,
			);
			path = SliderTableViewCell;
			sourceTree = "<group>";
		};
		6A34536B27A48C6C006E41E4 /* AdvertisementTableViewCell */ = {
			isa = PBXGroup;
			children = (
				6A34536C27A48C91006E41E4 /* AdvertisementTableViewCell.swift */,
				6A34536D27A48C91006E41E4 /* AdvertisementTableViewCell.xib */,
			);
			path = AdvertisementTableViewCell;
			sourceTree = "<group>";
		};
		6A8CAFDA27A520840076C764 /* Model */ = {
			isa = PBXGroup;
			children = (
				6A8CAFDB27A5212F0076C764 /* ItemModel.swift */,
			);
			path = Model;
			sourceTree = "<group>";
		};
		6A8CAFE327A522820076C764 /* AdsViewModel */ = {
			isa = PBXGroup;
			children = (
				6A8CAFE427A522950076C764 /* AdsViewModel.swift */,
			);
			path = AdsViewModel;
			sourceTree = "<group>";
		};
		6A8CAFE927A525B90076C764 /* CollectionViewCell */ = {
			isa = PBXGroup;
			children = (
				6A8CAFEA27A525C70076C764 /* AdsItemCollectionViewCell */,
			);
			path = CollectionViewCell;
			sourceTree = "<group>";
		};
		6A8CAFEA27A525C70076C764 /* AdsItemCollectionViewCell */ = {
			isa = PBXGroup;
			children = (
				6A8CAFEB27A5260D0076C764 /* AdsItemCollectionViewCell.swift */,
				6A8CAFEC27A5260D0076C764 /* AdsItemCollectionViewCell.xib */,
			);
			path = AdsItemCollectionViewCell;
			sourceTree = "<group>";
		};
		6A8CAFF527A5493B0076C764 /* AdsItemDetails */ = {
			isa = PBXGroup;
			children = (
				6A8CB01127A57EFB0076C764 /* TableViewCell */,
				6A8CAFF627A549540076C764 /* AdsItemDetails.storyboard */,
				6A8CAFFB27A5496F0076C764 /* AdsItemDetailsViewController.swift */,
			);
			path = AdsItemDetails;
			sourceTree = "<group>";
		};
		6A8CB01127A57EFB0076C764 /* TableViewCell */ = {
			isa = PBXGroup;
			children = (
				6A8CB02527A57FAE0076C764 /* ItemsDescription */,
				6A8CB01D27A57F8E0076C764 /* ItemsSellerProfile */,
				6A8CB01C27A57F770076C764 /* ItemsDetailsImage */,
			);
			path = TableViewCell;
			sourceTree = "<group>";
		};
		6A8CB01C27A57F770076C764 /* ItemsDetailsImage */ = {
			isa = PBXGroup;
			children = (
				6A8CB01227A57F6B0076C764 /* ItemsImageTableViewCell.swift */,
				6A8CB01327A57F6B0076C764 /* ItemsImageTableViewCell.xib */,
			);
			path = ItemsDetailsImage;
			sourceTree = "<group>";
		};
		6A8CB01D27A57F8E0076C764 /* ItemsSellerProfile */ = {
			isa = PBXGroup;
			children = (
				6A8CB01E27A57FA80076C764 /* ItemsSellerProfileTableViewCell.swift */,
				6A8CB01F27A57FA80076C764 /* ItemsSellerProfileTableViewCell.xib */,
			);
			path = ItemsSellerProfile;
			sourceTree = "<group>";
		};
		6A8CB02527A57FAE0076C764 /* ItemsDescription */ = {
			isa = PBXGroup;
			children = (
				6A8CB02627A57FDE0076C764 /* ItemsDescriptionTableViewCell.swift */,
				6A8CB02727A57FDE0076C764 /* ItemsDescriptionTableViewCell.xib */,
			);
			path = ItemsDescription;
			sourceTree = "<group>";
		};
/* End PBXGroup section */

/* Begin PBXNativeTarget section */
		6A34529327A3C98B006E41E4 /* OneKyat */ = {
			isa = PBXNativeTarget;
			buildConfigurationList = 6A3452BE27A3C992006E41E4 /* Build configuration list for PBXNativeTarget "OneKyat" */;
			buildPhases = (
				6A34529027A3C98B006E41E4 /* Sources */,
				6A34529127A3C98B006E41E4 /* Frameworks */,
				6A34529227A3C98B006E41E4 /* Resources */,
			);
			buildRules = (
			);
			dependencies = (
			);
			name = OneKyat;
			productName = OneKyat;
			productReference = 6A34529427A3C98B006E41E4 /* OneKyat.app */;
			productType = "com.apple.product-type.application";
		};
		6A3452A927A3C992006E41E4 /* OneKyatTests */ = {
			isa = PBXNativeTarget;
			buildConfigurationList = 6A3452C127A3C992006E41E4 /* Build configuration list for PBXNativeTarget "OneKyatTests" */;
			buildPhases = (
				6A3452A627A3C992006E41E4 /* Sources */,
				6A3452A727A3C992006E41E4 /* Frameworks */,
				6A3452A827A3C992006E41E4 /* Resources */,
			);
			buildRules = (
			);
			dependencies = (
				6A3452AC27A3C992006E41E4 /* PBXTargetDependency */,
			);
			name = OneKyatTests;
			productName = OneKyatTests;
			productReference = 6A3452AA27A3C992006E41E4 /* OneKyatTests.xctest */;
			productType = "com.apple.product-type.bundle.unit-test";
		};
		6A3452B427A3C992006E41E4 /* OneKyatUITests */ = {
			isa = PBXNativeTarget;
			buildConfigurationList = 6A3452C427A3C992006E41E4 /* Build configuration list for PBXNativeTarget "OneKyatUITests" */;
			buildPhases = (
				6A3452B127A3C992006E41E4 /* Sources */,
				6A3452B227A3C992006E41E4 /* Frameworks */,
				6A3452B327A3C992006E41E4 /* Resources */,
			);
			buildRules = (
			);
			dependencies = (
				6A3452B727A3C992006E41E4 /* PBXTargetDependency */,
			);
			name = OneKyatUITests;
			productName = OneKyatUITests;
			productReference = 6A3452B527A3C992006E41E4 /* OneKyatUITests.xctest */;
			productType = "com.apple.product-type.bundle.ui-testing";
		};
/* End PBXNativeTarget section */

/* Begin PBXProject section */
		6A34528C27A3C98B006E41E4 /* Project object */ = {
			isa = PBXProject;
			attributes = {
				LastSwiftUpdateCheck = 1240;
				LastUpgradeCheck = 1240;
				TargetAttributes = {
					6A34529327A3C98B006E41E4 = {
						CreatedOnToolsVersion = 12.4;
					};
					6A3452A927A3C992006E41E4 = {
						CreatedOnToolsVersion = 12.4;
						TestTargetID = 6A34529327A3C98B006E41E4;
					};
					6A3452B427A3C992006E41E4 = {
						CreatedOnToolsVersion = 12.4;
						TestTargetID = 6A34529327A3C98B006E41E4;
					};
				};
			};
			buildConfigurationList = 6A34528F27A3C98B006E41E4 /* Build configuration list for PBXProject "OneKyat" */;
			compatibilityVersion = "Xcode 9.3";
			developmentRegion = en;
			hasScannedForEncodings = 0;
			knownRegions = (
				en,
				Base,
			);
			mainGroup = 6A34528B27A3C98B006E41E4;
			productRefGroup = 6A34529527A3C98B006E41E4 /* Products */;
			projectDirPath = "";
			projectRoot = "";
			targets = (
				6A34529327A3C98B006E41E4 /* OneKyat */,
				6A3452A927A3C992006E41E4 /* OneKyatTests */,
				6A3452B427A3C992006E41E4 /* OneKyatUITests */,
			);
		};
/* End PBXProject section */

/* Begin PBXResourcesBuildPhase section */
		6A34529227A3C98B006E41E4 /* Resources */ = {
			isa = PBXResourcesBuildPhase;
			buildActionMask = 2147483647;
			files = (
				6A8CB02127A57FA80076C764 /* ItemsSellerProfileTableViewCell.xib in Resources */,
				6A3452A427A3C991006E41E4 /* LaunchScreen.storyboard in Resources */,
				6A34533C27A469DF006E41E4 /* webview.storyboard in Resources */,
				6A8CB01527A57F6B0076C764 /* ItemsImageTableViewCell.xib in Resources */,
				6A34536F27A48C92006E41E4 /* AdvertisementTableViewCell.xib in Resources */,
				6A34536027A48A70006E41E4 /* SliderTableViewCell.xib in Resources */,
				6A8CAFEE27A5260D0076C764 /* AdsItemCollectionViewCell.xib in Resources */,
				6A3452A127A3C991006E41E4 /* Assets.xcassets in Resources */,
				6A8CAFF727A549540076C764 /* AdsItemDetails.storyboard in Resources */,
				6A8CB02927A57FDE0076C764 /* ItemsDescriptionTableViewCell.xib in Resources */,
				6A34529F27A3C98B006E41E4 /* Main.storyboard in Resources */,
				6A34532B27A46006006E41E4 /* MainTabBar.storyboard in Resources */,
			);
			runOnlyForDeploymentPostprocessing = 0;
		};
		6A3452A827A3C992006E41E4 /* Resources */ = {
			isa = PBXResourcesBuildPhase;
			buildActionMask = 2147483647;
			files = (
			);
			runOnlyForDeploymentPostprocessing = 0;
		};
		6A3452B327A3C992006E41E4 /* Resources */ = {
			isa = PBXResourcesBuildPhase;
			buildActionMask = 2147483647;
			files = (
			);
			runOnlyForDeploymentPostprocessing = 0;
		};
/* End PBXResourcesBuildPhase section */

/* Begin PBXSourcesBuildPhase section */
		6A34529027A3C98B006E41E4 /* Sources */ = {
			isa = PBXSourcesBuildPhase;
			buildActionMask = 2147483647;
			files = (
				6A8CAFDC27A5212F0076C764 /* ItemModel.swift in Sources */,
				6A8CB02027A57FA80076C764 /* ItemsSellerProfileTableViewCell.swift in Sources */,
				6A34529C27A3C98B006E41E4 /* ViewController.swift in Sources */,
				6A34530E27A440B6006E41E4 /* ValidationServices.swift in Sources */,
				6A34536E27A48C92006E41E4 /* AdvertisementTableViewCell.swift in Sources */,
				6A34531327A441B9006E41E4 /* StringExtension.swift in Sources */,
				6A3452E827A3EB64006E41E4 /* ButtonDecoration.swift in Sources */,
				6A34535F27A48A70006E41E4 /* SliderTableViewCell.swift in Sources */,
				6A3452E327A3EA2B006E41E4 /* UIElemementsColors.swift in Sources */,
				6A34535727A48718006E41E4 /* HomeViewController.swift in Sources */,
				6A8CAFE527A522950076C764 /* AdsViewModel.swift in Sources */,
				6A3452EE27A410A7006E41E4 /* NSAttributedStringExtension.swift in Sources */,
				6A34530827A42941006E41E4 /* LoginViewModel.swift in Sources */,
				6A34534127A46A32006E41E4 /* WebViewController.swift in Sources */,
				6A34533027A461DF006E41E4 /* MainTabBarViewController.swift in Sources */,
				6A8CAFED27A5260D0076C764 /* AdsItemCollectionViewCell.swift in Sources */,
				6A34534627A47329006E41E4 /* UIRootViewController.swift in Sources */,
				6A8CB00D27A57A460076C764 /* CommonOperations.swift in Sources */,
				6A3452DE27A3E150006E41E4 /* AppConstantsValue.swift in Sources */,
				6A8CB01427A57F6B0076C764 /* ItemsImageTableViewCell.swift in Sources */,
				6A8CAFFC27A5496F0076C764 /* AdsItemDetailsViewController.swift in Sources */,
				6A3452D527A3D96B006E41E4 /* TextFieldDecoration.swift in Sources */,
				6A34529827A3C98B006E41E4 /* AppDelegate.swift in Sources */,
				6A8CB02827A57FDE0076C764 /* ItemsDescriptionTableViewCell.swift in Sources */,
			);
			runOnlyForDeploymentPostprocessing = 0;
		};
		6A3452A627A3C992006E41E4 /* Sources */ = {
			isa = PBXSourcesBuildPhase;
			buildActionMask = 2147483647;
			files = (
				6A3452AF27A3C992006E41E4 /* OneKyatTests.swift in Sources */,
			);
			runOnlyForDeploymentPostprocessing = 0;
		};
		6A3452B127A3C992006E41E4 /* Sources */ = {
			isa = PBXSourcesBuildPhase;
			buildActionMask = 2147483647;
			files = (
				6A3452BA27A3C992006E41E4 /* OneKyatUITests.swift in Sources */,
			);
			runOnlyForDeploymentPostprocessing = 0;
		};
/* End PBXSourcesBuildPhase section */

/* Begin PBXTargetDependency section */
		6A3452AC27A3C992006E41E4 /* PBXTargetDependency */ = {
			isa = PBXTargetDependency;
			target = 6A34529327A3C98B006E41E4 /* OneKyat */;
			targetProxy = 6A3452AB27A3C992006E41E4 /* PBXContainerItemProxy */;
		};
		6A3452B727A3C992006E41E4 /* PBXTargetDependency */ = {
			isa = PBXTargetDependency;
			target = 6A34529327A3C98B006E41E4 /* OneKyat */;
			targetProxy = 6A3452B627A3C992006E41E4 /* PBXContainerItemProxy */;
		};
/* End PBXTargetDependency section */

/* Begin PBXVariantGroup section */
		6A34529D27A3C98B006E41E4 /* Main.storyboard */ = {
			isa = PBXVariantGroup;
			children = (
				6A34529E27A3C98B006E41E4 /* Base */,
			);
			name = Main.storyboard;
			sourceTree = "<group>";
		};
		6A3452A227A3C991006E41E4 /* LaunchScreen.storyboard */ = {
			isa = PBXVariantGroup;
			children = (
				6A3452A327A3C991006E41E4 /* Base */,
			);
			name = LaunchScreen.storyboard;
			sourceTree = "<group>";
		};
/* End PBXVariantGroup section */

/* Begin XCBuildConfiguration section */
		6A3452BC27A3C992006E41E4 /* Debug */ = {
			isa = XCBuildConfiguration;
			buildSettings = {
				ALWAYS_SEARCH_USER_PATHS = NO;
				CLANG_ANALYZER_NONNULL = YES;
				CLANG_ANALYZER_NUMBER_OBJECT_CONVERSION = YES_AGGRESSIVE;
				CLANG_CXX_LANGUAGE_STANDARD = "gnu++14";
				CLANG_CXX_LIBRARY = "libc++";
				CLANG_ENABLE_MODULES = YES;
				CLANG_ENABLE_OBJC_ARC = YES;
				CLANG_ENABLE_OBJC_WEAK = YES;
				CLANG_WARN_BLOCK_CAPTURE_AUTORELEASING = YES;
				CLANG_WARN_BOOL_CONVERSION = YES;
				CLANG_WARN_COMMA = YES;
				CLANG_WARN_CONSTANT_CONVERSION = YES;
				CLANG_WARN_DEPRECATED_OBJC_IMPLEMENTATIONS = YES;
				CLANG_WARN_DIRECT_OBJC_ISA_USAGE = YES_ERROR;
				CLANG_WARN_DOCUMENTATION_COMMENTS = YES;
				CLANG_WARN_EMPTY_BODY = YES;
				CLANG_WARN_ENUM_CONVERSION = YES;
				CLANG_WARN_INFINITE_RECURSION = YES;
				CLANG_WARN_INT_CONVERSION = YES;
				CLANG_WARN_NON_LITERAL_NULL_CONVERSION = YES;
				CLANG_WARN_OBJC_IMPLICIT_RETAIN_SELF = YES;
				CLANG_WARN_OBJC_LITERAL_CONVERSION = YES;
				CLANG_WARN_OBJC_ROOT_CLASS = YES_ERROR;
				CLANG_WARN_QUOTED_INCLUDE_IN_FRAMEWORK_HEADER = YES;
				CLANG_WARN_RANGE_LOOP_ANALYSIS = YES;
				CLANG_WARN_STRICT_PROTOTYPES = YES;
				CLANG_WARN_SUSPICIOUS_MOVE = YES;
				CLANG_WARN_UNGUARDED_AVAILABILITY = YES_AGGRESSIVE;
				CLANG_WARN_UNREACHABLE_CODE = YES;
				CLANG_WARN__DUPLICATE_METHOD_MATCH = YES;
				COPY_PHASE_STRIP = NO;
				DEBUG_INFORMATION_FORMAT = dwarf;
				ENABLE_STRICT_OBJC_MSGSEND = YES;
				ENABLE_TESTABILITY = YES;
				GCC_C_LANGUAGE_STANDARD = gnu11;
				GCC_DYNAMIC_NO_PIC = NO;
				GCC_NO_COMMON_BLOCKS = YES;
				GCC_OPTIMIZATION_LEVEL = 0;
				GCC_PREPROCESSOR_DEFINITIONS = (
					"DEBUG=1",
					"$(inherited)",
				);
				GCC_WARN_64_TO_32_BIT_CONVERSION = YES;
				GCC_WARN_ABOUT_RETURN_TYPE = YES_ERROR;
				GCC_WARN_UNDECLARED_SELECTOR = YES;
				GCC_WARN_UNINITIALIZED_AUTOS = YES_AGGRESSIVE;
				GCC_WARN_UNUSED_FUNCTION = YES;
				GCC_WARN_UNUSED_VARIABLE = YES;
				IPHONEOS_DEPLOYMENT_TARGET = 14.4;
				MTL_ENABLE_DEBUG_INFO = INCLUDE_SOURCE;
				MTL_FAST_MATH = YES;
				ONLY_ACTIVE_ARCH = YES;
				SDKROOT = iphoneos;
				SWIFT_ACTIVE_COMPILATION_CONDITIONS = DEBUG;
				SWIFT_OPTIMIZATION_LEVEL = "-Onone";
			};
			name = Debug;
		};
		6A3452BD27A3C992006E41E4 /* Release */ = {
			isa = XCBuildConfiguration;
			buildSettings = {
				ALWAYS_SEARCH_USER_PATHS = NO;
				CLANG_ANALYZER_NONNULL = YES;
				CLANG_ANALYZER_NUMBER_OBJECT_CONVERSION = YES_AGGRESSIVE;
				CLANG_CXX_LANGUAGE_STANDARD = "gnu++14";
				CLANG_CXX_LIBRARY = "libc++";
				CLANG_ENABLE_MODULES = YES;
				CLANG_ENABLE_OBJC_ARC = YES;
				CLANG_ENABLE_OBJC_WEAK = YES;
				CLANG_WARN_BLOCK_CAPTURE_AUTORELEASING = YES;
				CLANG_WARN_BOOL_CONVERSION = YES;
				CLANG_WARN_COMMA = YES;
				CLANG_WARN_CONSTANT_CONVERSION = YES;
				CLANG_WARN_DEPRECATED_OBJC_IMPLEMENTATIONS = YES;
				CLANG_WARN_DIRECT_OBJC_ISA_USAGE = YES_ERROR;
				CLANG_WARN_DOCUMENTATION_COMMENTS = YES;
				CLANG_WARN_EMPTY_BODY = YES;
				CLANG_WARN_ENUM_CONVERSION = YES;
				CLANG_WARN_INFINITE_RECURSION = YES;
				CLANG_WARN_INT_CONVERSION = YES;
				CLANG_WARN_NON_LITERAL_NULL_CONVERSION = YES;
				CLANG_WARN_OBJC_IMPLICIT_RETAIN_SELF = YES;
				CLANG_WARN_OBJC_LITERAL_CONVERSION = YES;
				CLANG_WARN_OBJC_ROOT_CLASS = YES_ERROR;
				CLANG_WARN_QUOTED_INCLUDE_IN_FRAMEWORK_HEADER = YES;
				CLANG_WARN_RANGE_LOOP_ANALYSIS = YES;
				CLANG_WARN_STRICT_PROTOTYPES = YES;
				CLANG_WARN_SUSPICIOUS_MOVE = YES;
				CLANG_WARN_UNGUARDED_AVAILABILITY = YES_AGGRESSIVE;
				CLANG_WARN_UNREACHABLE_CODE = YES;
				CLANG_WARN__DUPLICATE_METHOD_MATCH = YES;
				COPY_PHASE_STRIP = NO;
				DEBUG_INFORMATION_FORMAT = "dwarf-with-dsym";
				ENABLE_NS_ASSERTIONS = NO;
				ENABLE_STRICT_OBJC_MSGSEND = YES;
				GCC_C_LANGUAGE_STANDARD = gnu11;
				GCC_NO_COMMON_BLOCKS = YES;
				GCC_WARN_64_TO_32_BIT_CONVERSION = YES;
				GCC_WARN_ABOUT_RETURN_TYPE = YES_ERROR;
				GCC_WARN_UNDECLARED_SELECTOR = YES;
				GCC_WARN_UNINITIALIZED_AUTOS = YES_AGGRESSIVE;
				GCC_WARN_UNUSED_FUNCTION = YES;
				GCC_WARN_UNUSED_VARIABLE = YES;
				IPHONEOS_DEPLOYMENT_TARGET = 14.4;
				MTL_ENABLE_DEBUG_INFO = NO;
				MTL_FAST_MATH = YES;
				SDKROOT = iphoneos;
				SWIFT_COMPILATION_MODE = wholemodule;
				SWIFT_OPTIMIZATION_LEVEL = "-O";
				VALIDATE_PRODUCT = YES;
			};
			name = Release;
		};
		6A3452BF27A3C992006E41E4 /* Debug */ = {
			isa = XCBuildConfiguration;
			buildSettings = {
				ASSETCATALOG_COMPILER_APPICON_NAME = AppIcon;
				ASSETCATALOG_COMPILER_GLOBAL_ACCENT_COLOR_NAME = AccentColor;
				CODE_SIGN_STYLE = Automatic;
				DEVELOPMENT_TEAM = 34K8SKUN9P;
				INFOPLIST_FILE = OneKyat/Info.plist;
				IPHONEOS_DEPLOYMENT_TARGET = 11.0;
				LD_RUNPATH_SEARCH_PATHS = (
					"$(inherited)",
					"@executable_path/Frameworks",
				);
				PRODUCT_BUNDLE_IDENTIFIER = SuSu.OneKyat;
				PRODUCT_NAME = "$(TARGET_NAME)";
				SWIFT_VERSION = 5.0;
				TARGETED_DEVICE_FAMILY = 1;
			};
			name = Debug;
		};
		6A3452C027A3C992006E41E4 /* Release */ = {
			isa = XCBuildConfiguration;
			buildSettings = {
				ASSETCATALOG_COMPILER_APPICON_NAME = AppIcon;
				ASSETCATALOG_COMPILER_GLOBAL_ACCENT_COLOR_NAME = AccentColor;
				CODE_SIGN_STYLE = Automatic;
				DEVELOPMENT_TEAM = 34K8SKUN9P;
				INFOPLIST_FILE = OneKyat/Info.plist;
				IPHONEOS_DEPLOYMENT_TARGET = 11.0;
				LD_RUNPATH_SEARCH_PATHS = (
					"$(inherited)",
					"@executable_path/Frameworks",
				);
				PRODUCT_BUNDLE_IDENTIFIER = SuSu.OneKyat;
				PRODUCT_NAME = "$(TARGET_NAME)";
				SWIFT_VERSION = 5.0;
				TARGETED_DEVICE_FAMILY = 1;
			};
			name = Release;
		};
		6A3452C227A3C992006E41E4 /* Debug */ = {
			isa = XCBuildConfiguration;
			buildSettings = {
				ALWAYS_EMBED_SWIFT_STANDARD_LIBRARIES = YES;
				BUNDLE_LOADER = "$(TEST_HOST)";
				CODE_SIGN_STYLE = Automatic;
				DEVELOPMENT_TEAM = 34K8SKUN9P;
				INFOPLIST_FILE = OneKyatTests/Info.plist;
				IPHONEOS_DEPLOYMENT_TARGET = 14.4;
				LD_RUNPATH_SEARCH_PATHS = (
					"$(inherited)",
					"@executable_path/Frameworks",
					"@loader_path/Frameworks",
				);
				PRODUCT_BUNDLE_IDENTIFIER = SuSu.OneKyatTests;
				PRODUCT_NAME = "$(TARGET_NAME)";
				SWIFT_VERSION = 5.0;
				TARGETED_DEVICE_FAMILY = "1,2";
				TEST_HOST = "$(BUILT_PRODUCTS_DIR)/OneKyat.app/OneKyat";
			};
			name = Debug;
		};
		6A3452C327A3C992006E41E4 /* Release */ = {
			isa = XCBuildConfiguration;
			buildSettings = {
				ALWAYS_EMBED_SWIFT_STANDARD_LIBRARIES = YES;
				BUNDLE_LOADER = "$(TEST_HOST)";
				CODE_SIGN_STYLE = Automatic;
				DEVELOPMENT_TEAM = 34K8SKUN9P;
				INFOPLIST_FILE = OneKyatTests/Info.plist;
				IPHONEOS_DEPLOYMENT_TARGET = 14.4;
				LD_RUNPATH_SEARCH_PATHS = (
					"$(inherited)",
					"@executable_path/Frameworks",
					"@loader_path/Frameworks",
				);
				PRODUCT_BUNDLE_IDENTIFIER = SuSu.OneKyatTests;
				PRODUCT_NAME = "$(TARGET_NAME)";
				SWIFT_VERSION = 5.0;
				TARGETED_DEVICE_FAMILY = "1,2";
				TEST_HOST = "$(BUILT_PRODUCTS_DIR)/OneKyat.app/OneKyat";
			};
			name = Release;
		};
		6A3452C527A3C992006E41E4 /* Debug */ = {
			isa = XCBuildConfiguration;
			buildSettings = {
				ALWAYS_EMBED_SWIFT_STANDARD_LIBRARIES = YES;
				CODE_SIGN_STYLE = Automatic;
				DEVELOPMENT_TEAM = 34K8SKUN9P;
				INFOPLIST_FILE = OneKyatUITests/Info.plist;
				LD_RUNPATH_SEARCH_PATHS = (
					"$(inherited)",
					"@executable_path/Frameworks",
					"@loader_path/Frameworks",
				);
				PRODUCT_BUNDLE_IDENTIFIER = SuSu.OneKyatUITests;
				PRODUCT_NAME = "$(TARGET_NAME)";
				SWIFT_VERSION = 5.0;
				TARGETED_DEVICE_FAMILY = "1,2";
				TEST_TARGET_NAME = OneKyat;
			};
			name = Debug;
		};
		6A3452C627A3C992006E41E4 /* Release */ = {
			isa = XCBuildConfiguration;
			buildSettings = {
				ALWAYS_EMBED_SWIFT_STANDARD_LIBRARIES = YES;
				CODE_SIGN_STYLE = Automatic;
				DEVELOPMENT_TEAM = 34K8SKUN9P;
				INFOPLIST_FILE = OneKyatUITests/Info.plist;
				LD_RUNPATH_SEARCH_PATHS = (
					"$(inherited)",
					"@executable_path/Frameworks",
					"@loader_path/Frameworks",
				);
				PRODUCT_BUNDLE_IDENTIFIER = SuSu.OneKyatUITests;
				PRODUCT_NAME = "$(TARGET_NAME)";
				SWIFT_VERSION = 5.0;
				TARGETED_DEVICE_FAMILY = "1,2";
				TEST_TARGET_NAME = OneKyat;
			};
			name = Release;
		};
/* End XCBuildConfiguration section */

/* Begin XCConfigurationList section */
		6A34528F27A3C98B006E41E4 /* Build configuration list for PBXProject "OneKyat" */ = {
			isa = XCConfigurationList;
			buildConfigurations = (
				6A3452BC27A3C992006E41E4 /* Debug */,
				6A3452BD27A3C992006E41E4 /* Release */,
			);
			defaultConfigurationIsVisible = 0;
			defaultConfigurationName = Release;
		};
		6A3452BE27A3C992006E41E4 /* Build configuration list for PBXNativeTarget "OneKyat" */ = {
			isa = XCConfigurationList;
			buildConfigurations = (
				6A3452BF27A3C992006E41E4 /* Debug */,
				6A3452C027A3C992006E41E4 /* Release */,
			);
			defaultConfigurationIsVisible = 0;
			defaultConfigurationName = Release;
		};
		6A3452C127A3C992006E41E4 /* Build configuration list for PBXNativeTarget "OneKyatTests" */ = {
			isa = XCConfigurationList;
			buildConfigurations = (
				6A3452C227A3C992006E41E4 /* Debug */,
				6A3452C327A3C992006E41E4 /* Release */,
			);
			defaultConfigurationIsVisible = 0;
			defaultConfigurationName = Release;
		};
		6A3452C427A3C992006E41E4 /* Build configuration list for PBXNativeTarget "OneKyatUITests" */ = {
			isa = XCConfigurationList;
			buildConfigurations = (
				6A3452C527A3C992006E41E4 /* Debug */,
				6A3452C627A3C992006E41E4 /* Release */,
			);
			defaultConfigurationIsVisible = 0;
			defaultConfigurationName = Release;
		};
/* End XCConfigurationList section */
	};
	rootObject = 6A34528C27A3C98B006E41E4 /* Project object */;
}
